PODS:
  - lottie-ios (3.1.8)
  - Realm (5.3.5):
    - Realm/Headers (= 5.3.5)
  - Realm/Headers (5.3.5)
  - RealmSwift (5.3.5):
    - Realm (= 5.3.5)
  - WaterfallGrid (0.4.0)

DEPENDENCIES:
  - lottie-ios
  - RealmSwift
  - WaterfallGrid

SPEC REPOS:
  trunk:
    - lottie-ios
    - Realm
    - RealmSwift
    - WaterfallGrid

SPEC CHECKSUMS:
  lottie-ios: 48fac6be217c76937e36e340e2d09cf7b10b7f5f
  Realm: 2b52fcc86fc0ed3d75a56ac0eb1e73c4f1a60e16
  RealmSwift: a6ea2ea561039fc3833c08dec81371a9a3bb5ca6
  WaterfallGrid: 568881d69470c0ffe635732dfafd859db1365989

PODFILE CHECKSUM: 3c8b753da3bd58cb1b4c2ba0fb9c9607501f29a6

COCOAPODS: 1.8.4
